
Microsoft Visual Studio Solution File, Format Version 12.00
# Visual Studio Version 16
VisualStudioVersion = 16.0.30717.126
MinimumVisualStudioVersion = 10.0.40219.1
Project("{FAE04EC0-301F-11D3-BF4B-00C04F79EFBC}") = "ConsoleApp1", "ConsoleApp1\ConsoleApp1.csproj", "{4CE48D9E-758E-4CEF-AAB0-F4C2E97A6F0F}"
EndProject
Global
	GlobalSection(SolutionConfigurationPlatforms) = preSolution
		Debug|Any CPU = Debug|Any CPU
		Release|Any CPU = Release|Any CPU
	EndGlobalSection
	GlobalSection(ProjectConfigurationPlatforms) = postSolution
		{4CE48D9E-758E-4CEF-AAB0-F4C2E97A6F0F}.Debug|Any CPU.ActiveCfg = Debug|Any CPU
		{4CE48D9E-758E-4CEF-AAB0-F4C2E97A6F0F}.Debug|Any CPU.Build.0 = Debug|Any CPU
		{4CE48D9E-758E-4CEF-AAB0-F4C2E97A6F0F}.Release|Any CPU.ActiveCfg = Release|Any CPU
		{4CE48D9E-758E-4CEF-AAB0-F4C2E97A6F0F}.Release|Any CPU.Build.0 = Release|Any CPU
	EndGlobalSection
	GlobalSection(SolutionProperties) = preSolution
		HideSolutionNode = FALSE
	EndGlobalSection
	GlobalSection(ExtensibilityGlobals) = postSolution
		SolutionGuid = {C7700F1B-D645-4608-B927-480C909FDEB6}
	EndGlobalSection
EndGlobal
